
Microsoft Visual Studio Solution File, Format Version 12.00
# Visual Studio 15
VisualStudioVersion = 15.0.28307.645
MinimumVisualStudioVersion = 10.0.40219.1
Project("{FAE04EC0-301F-11D3-BF4B-00C04F79EFBC}") = "TesteGitHub", "TesteGitHub\TesteGitHub.csproj", "{D519D733-79E5-4F36-818B-18459DF9D52C}"
EndProject
Global
	GlobalSection(SolutionConfigurationPlatforms) = preSolution
		Debug|Any CPU = Debug|Any CPU
		Release|Any CPU = Release|Any CPU
	EndGlobalSection
	GlobalSection(ProjectConfigurationPlatforms) = postSolution
		{D519D733-79E5-4F36-818B-18459DF9D52C}.Debug|Any CPU.ActiveCfg = Debug|Any CPU
		{D519D733-79E5-4F36-818B-18459DF9D52C}.Debug|Any CPU.Build.0 = Debug|Any CPU
		{D519D733-79E5-4F36-818B-18459DF9D52C}.Release|Any CPU.ActiveCfg = Release|Any CPU
		{D519D733-79E5-4F36-818B-18459DF9D52C}.Release|Any CPU.Build.0 = Release|Any CPU
	EndGlobalSection
	GlobalSection(SolutionProperties) = preSolution
		HideSolutionNode = FALSE
	EndGlobalSection
	GlobalSection(ExtensibilityGlobals) = postSolution
		SolutionGuid = {600B4AB8-D2C4-4D32-9181-54E9C9F5740D}
	EndGlobalSection
EndGlobal
