
Microsoft Visual Studio Solution File, Format Version 12.00
# Visual Studio 15
VisualStudioVersion = 15.0.28307.645
MinimumVisualStudioVersion = 10.0.40219.1
Project("{FAE04EC0-301F-11D3-BF4B-00C04F79EFBC}") = "Interacao", "Interacao\Interacao.csproj", "{90EC05EC-5950-4820-8C29-E63C027C8B85}"
EndProject
Global
	GlobalSection(SolutionConfigurationPlatforms) = preSolution
		Debug|Any CPU = Debug|Any CPU
		Release|Any CPU = Release|Any CPU
	EndGlobalSection
	GlobalSection(ProjectConfigurationPlatforms) = postSolution
		{90EC05EC-5950-4820-8C29-E63C027C8B85}.Debug|Any CPU.ActiveCfg = Debug|Any CPU
		{90EC05EC-5950-4820-8C29-E63C027C8B85}.Debug|Any CPU.Build.0 = Debug|Any CPU
		{90EC05EC-5950-4820-8C29-E63C027C8B85}.Release|Any CPU.ActiveCfg = Release|Any CPU
		{90EC05EC-5950-4820-8C29-E63C027C8B85}.Release|Any CPU.Build.0 = Release|Any CPU
	EndGlobalSection
	GlobalSection(SolutionProperties) = preSolution
		HideSolutionNode = FALSE
	EndGlobalSection
	GlobalSection(ExtensibilityGlobals) = postSolution
		SolutionGuid = {A92E44BF-7C96-44D6-A800-3FB33E951BC1}
	EndGlobalSection
EndGlobal
